{
  "name": "static",
  "version": "1.0.0",
  "lockfileVersion": 1,
  "requires": true,
  "dependencies": {
    "@types/node": {
      "version": "13.13.4",
      "resolved": "https://registry.npmjs.org/@types/node/-/node-13.13.4.tgz",
      "integrity": "sha512-x26ur3dSXgv5AwKS0lNfbjpCakGIduWU1DU91Zz58ONRWrIKGunmZBNv4P7N+e27sJkiGDsw/3fT4AtsqQBrBA=="
    },
    "@yaireo/tagify": {
      "version": "4.9.8",
      "resolved": "https://registry.npmjs.org/@yaireo/tagify/-/tagify-4.9.8.tgz",
      "integrity": "sha512-JqRTN4vb5tx06PJIRIOAlriO/B6u+a3jD/VBb5x6E1MOlC4wrMfaLHmNnrMpiZCHMXox7pVmrtNuyBe4YReJ4w=="
    },
    "bootstrap": {
      "version": "4.4.1",
      "resolved": "https://registry.npmjs.org/bootstrap/-/bootstrap-4.4.1.tgz",
      "integrity": "sha1-hYKWDuoMXNK+3oTYsLrzeJw+iwE="
    },
    "canvas-renderer": {
      "version": "2.1.1",
      "resolved": "https://registry.npmjs.org/canvas-renderer/-/canvas-renderer-2.1.1.tgz",
      "integrity": "sha512-/V0XetN7s1Mk3NO7x2wxPZYv0pLMQtGAhecuOuKR88beiYCUle1AbCcFZNLu+4NVzi9RVHS0rXtIgzPEaKidLw=="
    },
    "cropper": {
      "version": "4.1.0",
      "resolved": "https://registry.npmjs.org/cropper/-/cropper-4.1.0.tgz",
      "integrity": "sha1-PC+qp49zCjxxgUzuYeF8emdLlD8=",
      "requires": {
        "cropperjs": "^1.5.6"
      }
    },
    "cropperjs": {
      "version": "1.5.6",
      "resolved": "https://registry.npmjs.org/cropperjs/-/cropperjs-1.5.6.tgz",
      "integrity": "sha512-eAgWf4j7sNJIG329qUHIFi17PSV0VtuWyAu9glZSgu/KlQSrfTQOC2zAz+jHGa5fAB+bJldEnQwvJEaJ8zRf5A=="
    },
    "font-awesome": {
      "version": "4.7.0",
      "resolved": "https://registry.npmjs.org/font-awesome/-/font-awesome-4.7.0.tgz",
      "integrity": "sha1-j6jPBBGhoxr9B7BtKQK7n8gVoTM="
    },
    "jdenticon": {
      "version": "2.2.0",
      "resolved": "https://registry.npmjs.org/jdenticon/-/jdenticon-2.2.0.tgz",
      "integrity": "sha1-ap2cshNKeEj/IdWbOHEUjLxq+H8=",
      "requires": {
        "@types/node": "*",
        "canvas-renderer": "~2.1.1"
      }
    },
    "jquery": {
      "version": "3.5.0",
      "resolved": "https://registry.npmjs.org/jquery/-/jquery-3.5.0.tgz",
      "integrity": "sha1-mYC5fZ5BlGEcNlMOfcRqWNc0D8k="
    },
    "jquery-cropper": {
      "version": "1.0.1",
      "resolved": "https://registry.npmjs.org/jquery-cropper/-/jquery-cropper-1.0.1.tgz",
      "integrity": "sha1-a6n68cLIbArDxkjUBVS6U2cxE88="
    },
    "summernote": {
      "version": "0.8.18",
      "resolved": "https://registry.npmjs.org/summernote/-/summernote-0.8.18.tgz",
      "integrity": "sha1-vlw2ixyS3ooFA5qZdhV73qeq44Y="
    }
  }
}
